
Microsoft Visual Studio Solution File, Format Version 12.00
# Visual Studio Version 17
VisualStudioVersion = 17.7.33711.374
MinimumVisualStudioVersion = 10.0.40219.1
Project("{9A19103F-16F7-4668-BE54-9A1E7A4F7556}") = "Contracts", "Contracts\Contracts.csproj", "{04FBA643-4E72-413E-8354-8A4E6A582CE3}"
EndProject
Project("{2150E333-8FDC-42A3-9474-1A3956D46DE8}") = "Solution Items", "Solution Items", "{6C8723C2-DC2D-4CB7-8690-54EF98D38BB3}"
	ProjectSection(SolutionItems) = preProject
		.github\workflows\ci.yml = .github\workflows\ci.yml
		README.md = README.md
		.editorconfig = .editorconfig
		global.json = global.json
		Directory.Build.props = Directory.Build.props
		Directory.Packages.props = Directory.Packages.props
	EndProjectSection
EndProject
Project("{2150E333-8FDC-42A3-9474-1A3956D46DE8}") = "Libs", "Libs", "{87F3D6C7-3C6B-41AD-94C0-A26C4D076CCF}"
EndProject
Project("{9A19103F-16F7-4668-BE54-9A1E7A4F7556}") = "App", "App\App.csproj", "{D1EED2DC-1CD9-49BA-B093-B7B1A1FD6888}"
EndProject
Project("{2150E333-8FDC-42A3-9474-1A3956D46DE8}") = "Tests", "Tests", "{A852D5D4-4528-424B-978C-B04CA6D9A4F2}"
EndProject
Project("{FAE04EC0-301F-11D3-BF4B-00C04F79EFBC}") = "AsposePdfLib", "Libs\AsposePdfLib\AsposePdfLib.csproj", "{E0D007FA-EF35-4299-A3AC-47E3B79AA912}"
EndProject
Project("{FAE04EC0-301F-11D3-BF4B-00C04F79EFBC}") = "AsposePdfLibTests", "Tests\AsposePdfLibTests\AsposePdfLibTests.csproj", "{1DC22BD5-D24C-4D3C-8DA9-7F842D71D908}"
EndProject
Project("{FAE04EC0-301F-11D3-BF4B-00C04F79EFBC}") = "IronPdfLib", "Libs\IronPdfLib\IronPdfLib.csproj", "{B0D560AC-F8EA-4822-A2C7-BA14AEDACF40}"
EndProject
Project("{FAE04EC0-301F-11D3-BF4B-00C04F79EFBC}") = "IronPdfLibTests", "Tests\IronPdfLibTests\IronPdfLibTests.csproj", "{CFAD5FF0-55E6-4324-B4CD-1F74C4CAA397}"
EndProject
Project("{FAE04EC0-301F-11D3-BF4B-00C04F79EFBC}") = "ITextSharpPdfLib", "Libs\ITextSharpPdfLib\ITextSharpPdfLib.csproj", "{B45B771F-41B3-462A-B91F-0CE64EB896C6}"
EndProject
Project("{FAE04EC0-301F-11D3-BF4B-00C04F79EFBC}") = "ITextSharpPdfLibTests", "Tests\ITextSharpPdfLibTests\ITextSharpPdfLibTests.csproj", "{9ECFBB03-4D9E-4EC8-AD1D-9EAC3308C024}"
EndProject
Project("{FAE04EC0-301F-11D3-BF4B-00C04F79EFBC}") = "PdfSharpLib", "Libs\PdfSharpLib\PdfSharpLib.csproj", "{37688D67-F271-4A30-98BB-8866271448DC}"
EndProject
Project("{FAE04EC0-301F-11D3-BF4B-00C04F79EFBC}") = "PdfSharpLibTests", "Tests\PdfSharpLibTests\PdfSharpLibTests.csproj", "{BEA67C47-0B5A-455E-A1F1-A215B3E19D00}"
EndProject
Project("{FAE04EC0-301F-11D3-BF4B-00C04F79EFBC}") = "PugPdfLib", "Libs\PugPdfLib\PugPdfLib.csproj", "{33052191-0590-4D2F-9A4C-19004F3E9DE3}"
EndProject
Project("{FAE04EC0-301F-11D3-BF4B-00C04F79EFBC}") = "PugPdfLibTests", "Tests\PugPdfLibTests\PugPdfLibTests.csproj", "{9BAE1C7B-6559-4970-A50C-A21A039C8715}"
EndProject
Project("{FAE04EC0-301F-11D3-BF4B-00C04F79EFBC}") = "PuppeteerPdfLib", "Libs\PuppeteerPdfLib\PuppeteerPdfLib.csproj", "{E09B0B09-77BC-49FA-87B9-92370AF0AFD0}"
EndProject
Project("{FAE04EC0-301F-11D3-BF4B-00C04F79EFBC}") = "PuppeteerPdfLibTests", "Tests\PuppeteerPdfLibTests\PuppeteerPdfLibTests.csproj", "{CB3E9C98-65B2-43EC-9645-E2AC4299D0EF}"
EndProject
Project("{FAE04EC0-301F-11D3-BF4B-00C04F79EFBC}") = "SelectPdfLib", "Libs\SelectPdfLib\SelectPdfLib.csproj", "{1AB9EEDF-0387-471B-941A-35083B21E765}"
EndProject
Project("{FAE04EC0-301F-11D3-BF4B-00C04F79EFBC}") = "SelectPdfLibTests", "Tests\SelectPdfLibTests\SelectPdfLibTests.csproj", "{0568C02C-357D-4C66-BAC8-33A2F600D66E}"
EndProject
Project("{FAE04EC0-301F-11D3-BF4B-00C04F79EFBC}") = "SpirePdfLib", "Libs\SpirePdfLib\SpirePdfLib.csproj", "{7EAFB4A1-1C22-4609-B4FB-249FF7E4022B}"
EndProject
Project("{FAE04EC0-301F-11D3-BF4B-00C04F79EFBC}") = "SpirePdfLibTests", "Tests\SpirePdfLibTests\SpirePdfLibTests.csproj", "{715B6D58-8D3C-4E64-86DC-5000D0D175D3}"
EndProject
Project("{FAE04EC0-301F-11D3-BF4B-00C04F79EFBC}") = "QuestPdfLib", "Libs\QuestPdfLib\QuestPdfLib.csproj", "{1030A4FD-DE29-4C08-8829-AE59B4606CCB}"
EndProject
Project("{FAE04EC0-301F-11D3-BF4B-00C04F79EFBC}") = "QuestPdfLibTests", "Tests\QuestPdfLibTests\QuestPdfLibTests.csproj", "{984592FE-C0D9-446C-A541-3B1D47754279}"
EndProject
Project("{FAE04EC0-301F-11D3-BF4B-00C04F79EFBC}") = "DinkToPdfLib", "Libs\DinkToPdfLib\DinkToPdfLib.csproj", "{53E688C5-A0F9-4970-9868-B49E642B671D}"
EndProject
Project("{FAE04EC0-301F-11D3-BF4B-00C04F79EFBC}") = "DinkToPdfLibTests", "Tests\DinkToPdfLibTests\DinkToPdfLibTests.csproj", "{B8746D6A-1C3E-42CF-8590-E1D2C6BD73B6}"
EndProject
Global
	GlobalSection(SolutionConfigurationPlatforms) = preSolution
		Debug|Any CPU = Debug|Any CPU
		Release|Any CPU = Release|Any CPU
	EndGlobalSection
	GlobalSection(ProjectConfigurationPlatforms) = postSolution
		{04FBA643-4E72-413E-8354-8A4E6A582CE3}.Debug|Any CPU.ActiveCfg = Debug|Any CPU
		{04FBA643-4E72-413E-8354-8A4E6A582CE3}.Debug|Any CPU.Build.0 = Debug|Any CPU
		{04FBA643-4E72-413E-8354-8A4E6A582CE3}.Release|Any CPU.ActiveCfg = Release|Any CPU
		{04FBA643-4E72-413E-8354-8A4E6A582CE3}.Release|Any CPU.Build.0 = Release|Any CPU
		{D1EED2DC-1CD9-49BA-B093-B7B1A1FD6888}.Debug|Any CPU.ActiveCfg = Debug|Any CPU
		{D1EED2DC-1CD9-49BA-B093-B7B1A1FD6888}.Debug|Any CPU.Build.0 = Debug|Any CPU
		{D1EED2DC-1CD9-49BA-B093-B7B1A1FD6888}.Release|Any CPU.ActiveCfg = Release|Any CPU
		{D1EED2DC-1CD9-49BA-B093-B7B1A1FD6888}.Release|Any CPU.Build.0 = Release|Any CPU
		{E0D007FA-EF35-4299-A3AC-47E3B79AA912}.Debug|Any CPU.ActiveCfg = Debug|Any CPU
		{E0D007FA-EF35-4299-A3AC-47E3B79AA912}.Debug|Any CPU.Build.0 = Debug|Any CPU
		{E0D007FA-EF35-4299-A3AC-47E3B79AA912}.Release|Any CPU.ActiveCfg = Release|Any CPU
		{E0D007FA-EF35-4299-A3AC-47E3B79AA912}.Release|Any CPU.Build.0 = Release|Any CPU
		{1DC22BD5-D24C-4D3C-8DA9-7F842D71D908}.Debug|Any CPU.ActiveCfg = Debug|Any CPU
		{1DC22BD5-D24C-4D3C-8DA9-7F842D71D908}.Debug|Any CPU.Build.0 = Debug|Any CPU
		{1DC22BD5-D24C-4D3C-8DA9-7F842D71D908}.Release|Any CPU.ActiveCfg = Release|Any CPU
		{1DC22BD5-D24C-4D3C-8DA9-7F842D71D908}.Release|Any CPU.Build.0 = Release|Any CPU
		{B0D560AC-F8EA-4822-A2C7-BA14AEDACF40}.Debug|Any CPU.ActiveCfg = Debug|Any CPU
		{B0D560AC-F8EA-4822-A2C7-BA14AEDACF40}.Debug|Any CPU.Build.0 = Debug|Any CPU
		{B0D560AC-F8EA-4822-A2C7-BA14AEDACF40}.Release|Any CPU.ActiveCfg = Release|Any CPU
		{B0D560AC-F8EA-4822-A2C7-BA14AEDACF40}.Release|Any CPU.Build.0 = Release|Any CPU
		{CFAD5FF0-55E6-4324-B4CD-1F74C4CAA397}.Debug|Any CPU.ActiveCfg = Debug|Any CPU
		{CFAD5FF0-55E6-4324-B4CD-1F74C4CAA397}.Debug|Any CPU.Build.0 = Debug|Any CPU
		{CFAD5FF0-55E6-4324-B4CD-1F74C4CAA397}.Release|Any CPU.ActiveCfg = Release|Any CPU
		{CFAD5FF0-55E6-4324-B4CD-1F74C4CAA397}.Release|Any CPU.Build.0 = Release|Any CPU
		{B45B771F-41B3-462A-B91F-0CE64EB896C6}.Debug|Any CPU.ActiveCfg = Debug|Any CPU
		{B45B771F-41B3-462A-B91F-0CE64EB896C6}.Debug|Any CPU.Build.0 = Debug|Any CPU
		{B45B771F-41B3-462A-B91F-0CE64EB896C6}.Release|Any CPU.ActiveCfg = Release|Any CPU
		{B45B771F-41B3-462A-B91F-0CE64EB896C6}.Release|Any CPU.Build.0 = Release|Any CPU
		{9ECFBB03-4D9E-4EC8-AD1D-9EAC3308C024}.Debug|Any CPU.ActiveCfg = Debug|Any CPU
		{9ECFBB03-4D9E-4EC8-AD1D-9EAC3308C024}.Debug|Any CPU.Build.0 = Debug|Any CPU
		{9ECFBB03-4D9E-4EC8-AD1D-9EAC3308C024}.Release|Any CPU.ActiveCfg = Release|Any CPU
		{9ECFBB03-4D9E-4EC8-AD1D-9EAC3308C024}.Release|Any CPU.Build.0 = Release|Any CPU
		{37688D67-F271-4A30-98BB-8866271448DC}.Debug|Any CPU.ActiveCfg = Debug|Any CPU
		{37688D67-F271-4A30-98BB-8866271448DC}.Debug|Any CPU.Build.0 = Debug|Any CPU
		{37688D67-F271-4A30-98BB-8866271448DC}.Release|Any CPU.ActiveCfg = Release|Any CPU
		{37688D67-F271-4A30-98BB-8866271448DC}.Release|Any CPU.Build.0 = Release|Any CPU
		{BEA67C47-0B5A-455E-A1F1-A215B3E19D00}.Debug|Any CPU.ActiveCfg = Debug|Any CPU
		{BEA67C47-0B5A-455E-A1F1-A215B3E19D00}.Debug|Any CPU.Build.0 = Debug|Any CPU
		{BEA67C47-0B5A-455E-A1F1-A215B3E19D00}.Release|Any CPU.ActiveCfg = Release|Any CPU
		{BEA67C47-0B5A-455E-A1F1-A215B3E19D00}.Release|Any CPU.Build.0 = Release|Any CPU
		{33052191-0590-4D2F-9A4C-19004F3E9DE3}.Debug|Any CPU.ActiveCfg = Debug|Any CPU
		{33052191-0590-4D2F-9A4C-19004F3E9DE3}.Debug|Any CPU.Build.0 = Debug|Any CPU
		{33052191-0590-4D2F-9A4C-19004F3E9DE3}.Release|Any CPU.ActiveCfg = Release|Any CPU
		{33052191-0590-4D2F-9A4C-19004F3E9DE3}.Release|Any CPU.Build.0 = Release|Any CPU
		{9BAE1C7B-6559-4970-A50C-A21A039C8715}.Debug|Any CPU.ActiveCfg = Debug|Any CPU
		{9BAE1C7B-6559-4970-A50C-A21A039C8715}.Debug|Any CPU.Build.0 = Debug|Any CPU
		{9BAE1C7B-6559-4970-A50C-A21A039C8715}.Release|Any CPU.ActiveCfg = Release|Any CPU
		{9BAE1C7B-6559-4970-A50C-A21A039C8715}.Release|Any CPU.Build.0 = Release|Any CPU
		{E09B0B09-77BC-49FA-87B9-92370AF0AFD0}.Debug|Any CPU.ActiveCfg = Debug|Any CPU
		{E09B0B09-77BC-49FA-87B9-92370AF0AFD0}.Debug|Any CPU.Build.0 = Debug|Any CPU
		{E09B0B09-77BC-49FA-87B9-92370AF0AFD0}.Release|Any CPU.ActiveCfg = Release|Any CPU
		{E09B0B09-77BC-49FA-87B9-92370AF0AFD0}.Release|Any CPU.Build.0 = Release|Any CPU
		{CB3E9C98-65B2-43EC-9645-E2AC4299D0EF}.Debug|Any CPU.ActiveCfg = Debug|Any CPU
		{CB3E9C98-65B2-43EC-9645-E2AC4299D0EF}.Debug|Any CPU.Build.0 = Debug|Any CPU
		{CB3E9C98-65B2-43EC-9645-E2AC4299D0EF}.Release|Any CPU.ActiveCfg = Release|Any CPU
		{CB3E9C98-65B2-43EC-9645-E2AC4299D0EF}.Release|Any CPU.Build.0 = Release|Any CPU
		{1AB9EEDF-0387-471B-941A-35083B21E765}.Debug|Any CPU.ActiveCfg = Debug|Any CPU
		{1AB9EEDF-0387-471B-941A-35083B21E765}.Debug|Any CPU.Build.0 = Debug|Any CPU
		{1AB9EEDF-0387-471B-941A-35083B21E765}.Release|Any CPU.ActiveCfg = Release|Any CPU
		{1AB9EEDF-0387-471B-941A-35083B21E765}.Release|Any CPU.Build.0 = Release|Any CPU
		{0568C02C-357D-4C66-BAC8-33A2F600D66E}.Debug|Any CPU.ActiveCfg = Debug|Any CPU
		{0568C02C-357D-4C66-BAC8-33A2F600D66E}.Debug|Any CPU.Build.0 = Debug|Any CPU
		{0568C02C-357D-4C66-BAC8-33A2F600D66E}.Release|Any CPU.ActiveCfg = Release|Any CPU
		{0568C02C-357D-4C66-BAC8-33A2F600D66E}.Release|Any CPU.Build.0 = Release|Any CPU
		{7EAFB4A1-1C22-4609-B4FB-249FF7E4022B}.Debug|Any CPU.ActiveCfg = Debug|Any CPU
		{7EAFB4A1-1C22-4609-B4FB-249FF7E4022B}.Debug|Any CPU.Build.0 = Debug|Any CPU
		{7EAFB4A1-1C22-4609-B4FB-249FF7E4022B}.Release|Any CPU.ActiveCfg = Release|Any CPU
		{7EAFB4A1-1C22-4609-B4FB-249FF7E4022B}.Release|Any CPU.Build.0 = Release|Any CPU
		{715B6D58-8D3C-4E64-86DC-5000D0D175D3}.Debug|Any CPU.ActiveCfg = Debug|Any CPU
		{715B6D58-8D3C-4E64-86DC-5000D0D175D3}.Debug|Any CPU.Build.0 = Debug|Any CPU
		{715B6D58-8D3C-4E64-86DC-5000D0D175D3}.Release|Any CPU.ActiveCfg = Release|Any CPU
		{715B6D58-8D3C-4E64-86DC-5000D0D175D3}.Release|Any CPU.Build.0 = Release|Any CPU
		{1030A4FD-DE29-4C08-8829-AE59B4606CCB}.Debug|Any CPU.ActiveCfg = Debug|Any CPU
		{1030A4FD-DE29-4C08-8829-AE59B4606CCB}.Debug|Any CPU.Build.0 = Debug|Any CPU
		{1030A4FD-DE29-4C08-8829-AE59B4606CCB}.Release|Any CPU.ActiveCfg = Release|Any CPU
		{1030A4FD-DE29-4C08-8829-AE59B4606CCB}.Release|Any CPU.Build.0 = Release|Any CPU
		{984592FE-C0D9-446C-A541-3B1D47754279}.Debug|Any CPU.ActiveCfg = Debug|Any CPU
		{984592FE-C0D9-446C-A541-3B1D47754279}.Debug|Any CPU.Build.0 = Debug|Any CPU
		{984592FE-C0D9-446C-A541-3B1D47754279}.Release|Any CPU.ActiveCfg = Release|Any CPU
		{984592FE-C0D9-446C-A541-3B1D47754279}.Release|Any CPU.Build.0 = Release|Any CPU
		{53E688C5-A0F9-4970-9868-B49E642B671D}.Debug|Any CPU.ActiveCfg = Debug|Any CPU
		{53E688C5-A0F9-4970-9868-B49E642B671D}.Debug|Any CPU.Build.0 = Debug|Any CPU
		{53E688C5-A0F9-4970-9868-B49E642B671D}.Release|Any CPU.ActiveCfg = Release|Any CPU
		{53E688C5-A0F9-4970-9868-B49E642B671D}.Release|Any CPU.Build.0 = Release|Any CPU
		{B8746D6A-1C3E-42CF-8590-E1D2C6BD73B6}.Debug|Any CPU.ActiveCfg = Debug|Any CPU
		{B8746D6A-1C3E-42CF-8590-E1D2C6BD73B6}.Debug|Any CPU.Build.0 = Debug|Any CPU
		{B8746D6A-1C3E-42CF-8590-E1D2C6BD73B6}.Release|Any CPU.ActiveCfg = Release|Any CPU
		{B8746D6A-1C3E-42CF-8590-E1D2C6BD73B6}.Release|Any CPU.Build.0 = Release|Any CPU
	EndGlobalSection
	GlobalSection(SolutionProperties) = preSolution
		HideSolutionNode = FALSE
	EndGlobalSection
	GlobalSection(NestedProjects) = preSolution
		{E0D007FA-EF35-4299-A3AC-47E3B79AA912} = {87F3D6C7-3C6B-41AD-94C0-A26C4D076CCF}
		{1DC22BD5-D24C-4D3C-8DA9-7F842D71D908} = {A852D5D4-4528-424B-978C-B04CA6D9A4F2}
		{B0D560AC-F8EA-4822-A2C7-BA14AEDACF40} = {87F3D6C7-3C6B-41AD-94C0-A26C4D076CCF}
		{CFAD5FF0-55E6-4324-B4CD-1F74C4CAA397} = {A852D5D4-4528-424B-978C-B04CA6D9A4F2}
		{B45B771F-41B3-462A-B91F-0CE64EB896C6} = {87F3D6C7-3C6B-41AD-94C0-A26C4D076CCF}
		{9ECFBB03-4D9E-4EC8-AD1D-9EAC3308C024} = {A852D5D4-4528-424B-978C-B04CA6D9A4F2}
		{37688D67-F271-4A30-98BB-8866271448DC} = {87F3D6C7-3C6B-41AD-94C0-A26C4D076CCF}
		{BEA67C47-0B5A-455E-A1F1-A215B3E19D00} = {A852D5D4-4528-424B-978C-B04CA6D9A4F2}
		{33052191-0590-4D2F-9A4C-19004F3E9DE3} = {87F3D6C7-3C6B-41AD-94C0-A26C4D076CCF}
		{9BAE1C7B-6559-4970-A50C-A21A039C8715} = {A852D5D4-4528-424B-978C-B04CA6D9A4F2}
		{E09B0B09-77BC-49FA-87B9-92370AF0AFD0} = {87F3D6C7-3C6B-41AD-94C0-A26C4D076CCF}
		{CB3E9C98-65B2-43EC-9645-E2AC4299D0EF} = {A852D5D4-4528-424B-978C-B04CA6D9A4F2}
		{1AB9EEDF-0387-471B-941A-35083B21E765} = {87F3D6C7-3C6B-41AD-94C0-A26C4D076CCF}
		{0568C02C-357D-4C66-BAC8-33A2F600D66E} = {A852D5D4-4528-424B-978C-B04CA6D9A4F2}
		{7EAFB4A1-1C22-4609-B4FB-249FF7E4022B} = {87F3D6C7-3C6B-41AD-94C0-A26C4D076CCF}
		{715B6D58-8D3C-4E64-86DC-5000D0D175D3} = {A852D5D4-4528-424B-978C-B04CA6D9A4F2}
		{1030A4FD-DE29-4C08-8829-AE59B4606CCB} = {87F3D6C7-3C6B-41AD-94C0-A26C4D076CCF}
		{984592FE-C0D9-446C-A541-3B1D47754279} = {A852D5D4-4528-424B-978C-B04CA6D9A4F2}
		{53E688C5-A0F9-4970-9868-B49E642B671D} = {87F3D6C7-3C6B-41AD-94C0-A26C4D076CCF}
		{B8746D6A-1C3E-42CF-8590-E1D2C6BD73B6} = {A852D5D4-4528-424B-978C-B04CA6D9A4F2}
	EndGlobalSection
	GlobalSection(ExtensibilityGlobals) = postSolution
		SolutionGuid = {B89CF2D0-E7E3-45A6-A487-1E4E2875AF75}
	EndGlobalSection
EndGlobal
