
Microsoft Visual Studio Solution File, Format Version 12.00
# Visual Studio Version 16
VisualStudioVersion = 16.0.29905.134
MinimumVisualStudioVersion = 10.0.40219.1
Project("{9A19103F-16F7-4668-BE54-9A1E7A4F7556}") = "App", "App\App.csproj", "{5CE75B0E-24F8-430D-BB26-7806E18A44B2}"
EndProject
Project("{9A19103F-16F7-4668-BE54-9A1E7A4F7556}") = "PdfSharpLib", "PdfSharpLib\PdfSharpLib.csproj", "{592940E1-2B61-4B0A-B760-FCA0BC9CB943}"
EndProject
Project("{9A19103F-16F7-4668-BE54-9A1E7A4F7556}") = "Contracts", "Contracts\Contracts.csproj", "{04FBA643-4E72-413E-8354-8A4E6A582CE3}"
EndProject
Project("{2150E333-8FDC-42A3-9474-1A3956D46DE8}") = "Solution Items", "Solution Items", "{6C8723C2-DC2D-4CB7-8690-54EF98D38BB3}"
	ProjectSection(SolutionItems) = preProject
		README.md = README.md
	EndProjectSection
EndProject
Global
	GlobalSection(SolutionConfigurationPlatforms) = preSolution
		Debug|Any CPU = Debug|Any CPU
		Release|Any CPU = Release|Any CPU
	EndGlobalSection
	GlobalSection(ProjectConfigurationPlatforms) = postSolution
		{5CE75B0E-24F8-430D-BB26-7806E18A44B2}.Debug|Any CPU.ActiveCfg = Debug|Any CPU
		{5CE75B0E-24F8-430D-BB26-7806E18A44B2}.Debug|Any CPU.Build.0 = Debug|Any CPU
		{5CE75B0E-24F8-430D-BB26-7806E18A44B2}.Release|Any CPU.ActiveCfg = Release|Any CPU
		{5CE75B0E-24F8-430D-BB26-7806E18A44B2}.Release|Any CPU.Build.0 = Release|Any CPU
		{592940E1-2B61-4B0A-B760-FCA0BC9CB943}.Debug|Any CPU.ActiveCfg = Debug|Any CPU
		{592940E1-2B61-4B0A-B760-FCA0BC9CB943}.Debug|Any CPU.Build.0 = Debug|Any CPU
		{592940E1-2B61-4B0A-B760-FCA0BC9CB943}.Release|Any CPU.ActiveCfg = Release|Any CPU
		{592940E1-2B61-4B0A-B760-FCA0BC9CB943}.Release|Any CPU.Build.0 = Release|Any CPU
		{04FBA643-4E72-413E-8354-8A4E6A582CE3}.Debug|Any CPU.ActiveCfg = Debug|Any CPU
		{04FBA643-4E72-413E-8354-8A4E6A582CE3}.Debug|Any CPU.Build.0 = Debug|Any CPU
		{04FBA643-4E72-413E-8354-8A4E6A582CE3}.Release|Any CPU.ActiveCfg = Release|Any CPU
		{04FBA643-4E72-413E-8354-8A4E6A582CE3}.Release|Any CPU.Build.0 = Release|Any CPU
	EndGlobalSection
	GlobalSection(SolutionProperties) = preSolution
		HideSolutionNode = FALSE
	EndGlobalSection
	GlobalSection(ExtensibilityGlobals) = postSolution
		SolutionGuid = {B89CF2D0-E7E3-45A6-A487-1E4E2875AF75}
	EndGlobalSection
EndGlobal
